
Microsoft Visual Studio Solution File, Format Version 12.00
# Visual Studio Version 17
VisualStudioVersion = 17.0.32014.148
MinimumVisualStudioVersion = 10.0.40219.1
Project("{9A19103F-16F7-4668-BE54-9A1E7A4F7556}") = "GameManager", "Display\GameManager.csproj", "{D97E5CBE-BE52-4350-B511-C7ADB1FD261E}"
EndProject
Project("{9A19103F-16F7-4668-BE54-9A1E7A4F7556}") = "SnakeGame", "SnakeGame\SnakeGame.csproj", "{67B76A5B-04DA-4834-85CA-BA0756D8A83F}"
EndProject
Project("{2150E333-8FDC-42A3-9474-1A3956D46DE8}") = "Solution Items", "Solution Items", "{484C4A97-C541-4BFF-82BE-D1145C0A870C}"
	ProjectSection(SolutionItems) = preProject
		.editorconfig = .editorconfig
	EndProjectSection
EndProject
Global
	GlobalSection(SolutionConfigurationPlatforms) = preSolution
		Debug|Any CPU = Debug|Any CPU
		Release|Any CPU = Release|Any CPU
	EndGlobalSection
	GlobalSection(ProjectConfigurationPlatforms) = postSolution
		{D97E5CBE-BE52-4350-B511-C7ADB1FD261E}.Debug|Any CPU.ActiveCfg = Debug|Any CPU
		{D97E5CBE-BE52-4350-B511-C7ADB1FD261E}.Debug|Any CPU.Build.0 = Debug|Any CPU
		{D97E5CBE-BE52-4350-B511-C7ADB1FD261E}.Release|Any CPU.ActiveCfg = Release|Any CPU
		{D97E5CBE-BE52-4350-B511-C7ADB1FD261E}.Release|Any CPU.Build.0 = Release|Any CPU
		{67B76A5B-04DA-4834-85CA-BA0756D8A83F}.Debug|Any CPU.ActiveCfg = Debug|Any CPU
		{67B76A5B-04DA-4834-85CA-BA0756D8A83F}.Debug|Any CPU.Build.0 = Debug|Any CPU
		{67B76A5B-04DA-4834-85CA-BA0756D8A83F}.Release|Any CPU.ActiveCfg = Release|Any CPU
		{67B76A5B-04DA-4834-85CA-BA0756D8A83F}.Release|Any CPU.Build.0 = Release|Any CPU
	EndGlobalSection
	GlobalSection(SolutionProperties) = preSolution
		HideSolutionNode = FALSE
	EndGlobalSection
	GlobalSection(ExtensibilityGlobals) = postSolution
		SolutionGuid = {62F03435-32CB-4E6F-8384-15981761721E}
	EndGlobalSection
EndGlobal
